
Microsoft Visual Studio Solution File, Format Version 12.00
# Visual Studio 15
VisualStudioVersion = 15.0.27428.2015
MinimumVisualStudioVersion = 10.0.40219.1
Project("{FAE04EC0-301F-11D3-BF4B-00C04F79EFBC}") = "Sitecore81.Web", "Sitecore81Sample\Sitecore81.Web.csproj", "{C006C740-1F3C-4195-8D6C-43777939B7EB}"
EndProject
Project("{FAE04EC0-301F-11D3-BF4B-00C04F79EFBC}") = "Sitecore81.Core", "Sitecore81.Core\Sitecore81.Core.csproj", "{33D7D4CC-C79D-4733-A590-8EFA5B3E5561}"
EndProject
Global
	GlobalSection(SolutionConfigurationPlatforms) = preSolution
		Debug|Any CPU = Debug|Any CPU
		Release|Any CPU = Release|Any CPU
	EndGlobalSection
	GlobalSection(ProjectConfigurationPlatforms) = postSolution
		{C006C740-1F3C-4195-8D6C-43777939B7EB}.Debug|Any CPU.ActiveCfg = Debug|Any CPU
		{C006C740-1F3C-4195-8D6C-43777939B7EB}.Debug|Any CPU.Build.0 = Debug|Any CPU
		{C006C740-1F3C-4195-8D6C-43777939B7EB}.Release|Any CPU.ActiveCfg = Release|Any CPU
		{C006C740-1F3C-4195-8D6C-43777939B7EB}.Release|Any CPU.Build.0 = Release|Any CPU
		{33D7D4CC-C79D-4733-A590-8EFA5B3E5561}.Debug|Any CPU.ActiveCfg = Debug|Any CPU
		{33D7D4CC-C79D-4733-A590-8EFA5B3E5561}.Debug|Any CPU.Build.0 = Debug|Any CPU
		{33D7D4CC-C79D-4733-A590-8EFA5B3E5561}.Release|Any CPU.ActiveCfg = Release|Any CPU
		{33D7D4CC-C79D-4733-A590-8EFA5B3E5561}.Release|Any CPU.Build.0 = Release|Any CPU
	EndGlobalSection
	GlobalSection(SolutionProperties) = preSolution
		HideSolutionNode = FALSE
	EndGlobalSection
	GlobalSection(ExtensibilityGlobals) = postSolution
		SolutionGuid = {B8A55A51-415A-431E-BA72-E0CEB68F0AFA}
	EndGlobalSection
EndGlobal
